
Microsoft Visual Studio Solution File, Format Version 12.00
# Visual Studio Version 17
VisualStudioVersion = 17.10.35027.167
MinimumVisualStudioVersion = 10.0.40219.1
Project("{FAE04EC0-301F-11D3-BF4B-00C04F79EFBC}") = "pryCepedaConexionBD", "pryCepedaConexionBD\pryCepedaConexionBD.csproj", "{91E73EDA-C635-4174-80ED-AFA130B2140F}"
EndProject
Global
	GlobalSection(SolutionConfigurationPlatforms) = preSolution
		Debug|Any CPU = Debug|Any CPU
		Release|Any CPU = Release|Any CPU
	EndGlobalSection
	GlobalSection(ProjectConfigurationPlatforms) = postSolution
		{91E73EDA-C635-4174-80ED-AFA130B2140F}.Debug|Any CPU.ActiveCfg = Debug|Any CPU
		{91E73EDA-C635-4174-80ED-AFA130B2140F}.Debug|Any CPU.Build.0 = Debug|Any CPU
		{91E73EDA-C635-4174-80ED-AFA130B2140F}.Release|Any CPU.ActiveCfg = Release|Any CPU
		{91E73EDA-C635-4174-80ED-AFA130B2140F}.Release|Any CPU.Build.0 = Release|Any CPU
	EndGlobalSection
	GlobalSection(SolutionProperties) = preSolution
		HideSolutionNode = FALSE
	EndGlobalSection
	GlobalSection(ExtensibilityGlobals) = postSolution
		SolutionGuid = {F44CAE44-3980-4F94-B845-EE02C97E3A50}
	EndGlobalSection
EndGlobal
